// !$*UTF8*$!
{
	archiveVersion = 1;
	classes = {
	};
	objectVersion = 46;
	objects = {

/* Begin PBXBuildFile section */
		D613BA131C67AA510091DCA8 /* AppDelegate.swift in Sources */ = {isa = PBXBuildFile; fileRef = D613BA121C67AA510091DCA8 /* AppDelegate.swift */; };
		D613BA181C67AA510091DCA8 /* Main.storyboard in Resources */ = {isa = PBXBuildFile; fileRef = D613BA161C67AA510091DCA8 /* Main.storyboard */; };
		D613BA1A1C67AA510091DCA8 /* Assets.xcassets in Resources */ = {isa = PBXBuildFile; fileRef = D613BA191C67AA510091DCA8 /* Assets.xcassets */; };
		D613BA1D1C67AA510091DCA8 /* LaunchScreen.storyboard in Resources */ = {isa = PBXBuildFile; fileRef = D613BA1B1C67AA510091DCA8 /* LaunchScreen.storyboard */; };
		D613BA281C67AA510091DCA8 /* Instagram_CloneTests.swift in Sources */ = {isa = PBXBuildFile; fileRef = D613BA271C67AA510091DCA8 /* Instagram_CloneTests.swift */; };
		D681F23E1C6909FA0036FC9F /* AudioToolbox.framework in Frameworks */ = {isa = PBXBuildFile; fileRef = D681F23D1C6909FA0036FC9F /* AudioToolbox.framework */; };
		D681F2401C690A0B0036FC9F /* CFNetwork.framework in Frameworks */ = {isa = PBXBuildFile; fileRef = D681F23F1C690A0B0036FC9F /* CFNetwork.framework */; };
		D681F2421C690A120036FC9F /* CoreGraphics.framework in Frameworks */ = {isa = PBXBuildFile; fileRef = D681F2411C690A120036FC9F /* CoreGraphics.framework */; };
		D681F2441C690A180036FC9F /* CoreLocation.framework in Frameworks */ = {isa = PBXBuildFile; fileRef = D681F2431C690A180036FC9F /* CoreLocation.framework */; };
		D681F2461C690A1E0036FC9F /* QuartzCore.framework in Frameworks */ = {isa = PBXBuildFile; fileRef = D681F2451C690A1E0036FC9F /* QuartzCore.framework */; };
		D681F2481C690A250036FC9F /* Security.framework in Frameworks */ = {isa = PBXBuildFile; fileRef = D681F2471C690A250036FC9F /* Security.framework */; };
		D681F24A1C690A2C0036FC9F /* StoreKit.framework in Frameworks */ = {isa = PBXBuildFile; fileRef = D681F2491C690A2C0036FC9F /* StoreKit.framework */; };
		D681F24C1C690A350036FC9F /* SystemConfiguration.framework in Frameworks */ = {isa = PBXBuildFile; fileRef = D681F24B1C690A350036FC9F /* SystemConfiguration.framework */; };
		D681F24E1C690A3D0036FC9F /* libz.tbd in Frameworks */ = {isa = PBXBuildFile; fileRef = D681F24D1C690A3D0036FC9F /* libz.tbd */; };
		D681F2501C690A470036FC9F /* libsqlite3.tbd in Frameworks */ = {isa = PBXBuildFile; fileRef = D681F24F1C690A470036FC9F /* libsqlite3.tbd */; };
		D681F2521C690BAE0036FC9F /* SignInViewController.swift in Sources */ = {isa = PBXBuildFile; fileRef = D681F2511C690BAE0036FC9F /* SignInViewController.swift */; };
		D681F2541C690BC50036FC9F /* SignUpViewController.swift in Sources */ = {isa = PBXBuildFile; fileRef = D681F2531C690BC50036FC9F /* SignUpViewController.swift */; };
		D6C407EC1C6BB21200056E2F /* ResetPasswordViewController.swift in Sources */ = {isa = PBXBuildFile; fileRef = D6C407EB1C6BB21200056E2F /* ResetPasswordViewController.swift */; };
		D6C407EF1C6BB9EF00056E2F /* Pacifico.ttf in Resources */ = {isa = PBXBuildFile; fileRef = D6C407EE1C6BB9EF00056E2F /* Pacifico.ttf */; };
		ED318A04B27685E89C627049 /* Pods.framework in Frameworks */ = {isa = PBXBuildFile; fileRef = 24A178E681A95D1FE1399FEE /* Pods.framework */; };
/* End PBXBuildFile section */

/* Begin PBXContainerItemProxy section */
		D613BA241C67AA510091DCA8 /* PBXContainerItemProxy */ = {
			isa = PBXContainerItemProxy;
			containerPortal = D613BA071C67AA510091DCA8 /* Project object */;
			proxyType = 1;
			remoteGlobalIDString = D613BA0E1C67AA510091DCA8;
			remoteInfo = "Instagram Clone";
		};
/* End PBXContainerItemProxy section */

/* Begin PBXFileReference section */
		24A178E681A95D1FE1399FEE /* Pods.framework */ = {isa = PBXFileReference; explicitFileType = wrapper.framework; includeInIndex = 0; path = Pods.framework; sourceTree = BUILT_PRODUCTS_DIR; };
		3B7FB19AB0CD51A14BB9CEBD /* Pods.debug.xcconfig */ = {isa = PBXFileReference; includeInIndex = 1; lastKnownFileType = text.xcconfig; name = Pods.debug.xcconfig; path = "Pods/Target Support Files/Pods/Pods.debug.xcconfig"; sourceTree = "<group>"; };
		9B62A048C8A4E66970EDA657 /* Pods.release.xcconfig */ = {isa = PBXFileReference; includeInIndex = 1; lastKnownFileType = text.xcconfig; name = Pods.release.xcconfig; path = "Pods/Target Support Files/Pods/Pods.release.xcconfig"; sourceTree = "<group>"; };
		D613BA0F1C67AA510091DCA8 /* Instagram Clone.app */ = {isa = PBXFileReference; explicitFileType = wrapper.application; includeInIndex = 0; path = "Instagram Clone.app"; sourceTree = BUILT_PRODUCTS_DIR; };
		D613BA121C67AA510091DCA8 /* AppDelegate.swift */ = {isa = PBXFileReference; lastKnownFileType = sourcecode.swift; path = AppDelegate.swift; sourceTree = "<group>"; };
		D613BA171C67AA510091DCA8 /* Base */ = {isa = PBXFileReference; lastKnownFileType = file.storyboard; name = Base; path = Base.lproj/Main.storyboard; sourceTree = "<group>"; };
		D613BA191C67AA510091DCA8 /* Assets.xcassets */ = {isa = PBXFileReference; lastKnownFileType = folder.assetcatalog; path = Assets.xcassets; sourceTree = "<group>"; };
		D613BA1C1C67AA510091DCA8 /* Base */ = {isa = PBXFileReference; lastKnownFileType = file.storyboard; name = Base; path = Base.lproj/LaunchScreen.storyboard; sourceTree = "<group>"; };
		D613BA1E1C67AA510091DCA8 /* Info.plist */ = {isa = PBXFileReference; lastKnownFileType = text.plist.xml; path = Info.plist; sourceTree = "<group>"; };
		D613BA231C67AA510091DCA8 /* Instagram CloneTests.xctest */ = {isa = PBXFileReference; explicitFileType = wrapper.cfbundle; includeInIndex = 0; path = "Instagram CloneTests.xctest"; sourceTree = BUILT_PRODUCTS_DIR; };
		D613BA271C67AA510091DCA8 /* Instagram_CloneTests.swift */ = {isa = PBXFileReference; lastKnownFileType = sourcecode.swift; path = Instagram_CloneTests.swift; sourceTree = "<group>"; };
		D613BA291C67AA510091DCA8 /* Info.plist */ = {isa = PBXFileReference; lastKnownFileType = text.plist.xml; path = Info.plist; sourceTree = "<group>"; };
		D613BA321C67AAC60091DCA8 /* README.md */ = {isa = PBXFileReference; fileEncoding = 4; lastKnownFileType = net.daringfireball.markdown; path = README.md; sourceTree = "<group>"; };
		D681F23D1C6909FA0036FC9F /* AudioToolbox.framework */ = {isa = PBXFileReference; lastKnownFileType = wrapper.framework; name = AudioToolbox.framework; path = System/Library/Frameworks/AudioToolbox.framework; sourceTree = SDKROOT; };
		D681F23F1C690A0B0036FC9F /* CFNetwork.framework */ = {isa = PBXFileReference; lastKnownFileType = wrapper.framework; name = CFNetwork.framework; path = System/Library/Frameworks/CFNetwork.framework; sourceTree = SDKROOT; };
		D681F2411C690A120036FC9F /* CoreGraphics.framework */ = {isa = PBXFileReference; lastKnownFileType = wrapper.framework; name = CoreGraphics.framework; path = System/Library/Frameworks/CoreGraphics.framework; sourceTree = SDKROOT; };
		D681F2431C690A180036FC9F /* CoreLocation.framework */ = {isa = PBXFileReference; lastKnownFileType = wrapper.framework; name = CoreLocation.framework; path = System/Library/Frameworks/CoreLocation.framework; sourceTree = SDKROOT; };
		D681F2451C690A1E0036FC9F /* QuartzCore.framework */ = {isa = PBXFileReference; lastKnownFileType = wrapper.framework; name = QuartzCore.framework; path = System/Library/Frameworks/QuartzCore.framework; sourceTree = SDKROOT; };
		D681F2471C690A250036FC9F /* Security.framework */ = {isa = PBXFileReference; lastKnownFileType = wrapper.framework; name = Security.framework; path = System/Library/Frameworks/Security.framework; sourceTree = SDKROOT; };
		D681F2491C690A2C0036FC9F /* StoreKit.framework */ = {isa = PBXFileReference; lastKnownFileType = wrapper.framework; name = StoreKit.framework; path = System/Library/Frameworks/StoreKit.framework; sourceTree = SDKROOT; };
		D681F24B1C690A350036FC9F /* SystemConfiguration.framework */ = {isa = PBXFileReference; lastKnownFileType = wrapper.framework; name = SystemConfiguration.framework; path = System/Library/Frameworks/SystemConfiguration.framework; sourceTree = SDKROOT; };
		D681F24D1C690A3D0036FC9F /* libz.tbd */ = {isa = PBXFileReference; lastKnownFileType = "sourcecode.text-based-dylib-definition"; name = libz.tbd; path = usr/lib/libz.tbd; sourceTree = SDKROOT; };
		D681F24F1C690A470036FC9F /* libsqlite3.tbd */ = {isa = PBXFileReference; lastKnownFileType = "sourcecode.text-based-dylib-definition"; name = libsqlite3.tbd; path = usr/lib/libsqlite3.tbd; sourceTree = SDKROOT; };
		D681F2511C690BAE0036FC9F /* SignInViewController.swift */ = {isa = PBXFileReference; fileEncoding = 4; lastKnownFileType = sourcecode.swift; path = SignInViewController.swift; sourceTree = "<group>"; };
		D681F2531C690BC50036FC9F /* SignUpViewController.swift */ = {isa = PBXFileReference; fileEncoding = 4; lastKnownFileType = sourcecode.swift; path = SignUpViewController.swift; sourceTree = "<group>"; };
		D6C407EB1C6BB21200056E2F /* ResetPasswordViewController.swift */ = {isa = PBXFileReference; fileEncoding = 4; lastKnownFileType = sourcecode.swift; path = ResetPasswordViewController.swift; sourceTree = "<group>"; };
		D6C407EE1C6BB9EF00056E2F /* Pacifico.ttf */ = {isa = PBXFileReference; lastKnownFileType = file; path = Pacifico.ttf; sourceTree = "<group>"; };
/* End PBXFileReference section */

/* Begin PBXFrameworksBuildPhase section */
		D613BA0C1C67AA510091DCA8 /* Frameworks */ = {
			isa = PBXFrameworksBuildPhase;
			buildActionMask = 2147483647;
			files = (
				D681F2501C690A470036FC9F /* libsqlite3.tbd in Frameworks */,
				D681F24E1C690A3D0036FC9F /* libz.tbd in Frameworks */,
				D681F24C1C690A350036FC9F /* SystemConfiguration.framework in Frameworks */,
				D681F24A1C690A2C0036FC9F /* StoreKit.framework in Frameworks */,
				D681F2481C690A250036FC9F /* Security.framework in Frameworks */,
				D681F2461C690A1E0036FC9F /* QuartzCore.framework in Frameworks */,
				D681F2441C690A180036FC9F /* CoreLocation.framework in Frameworks */,
				D681F2421C690A120036FC9F /* CoreGraphics.framework in Frameworks */,
				D681F2401C690A0B0036FC9F /* CFNetwork.framework in Frameworks */,
				D681F23E1C6909FA0036FC9F /* AudioToolbox.framework in Frameworks */,
				ED318A04B27685E89C627049 /* Pods.framework in Frameworks */,
			);
			runOnlyForDeploymentPostprocessing = 0;
		};
		D613BA201C67AA510091DCA8 /* Frameworks */ = {
			isa = PBXFrameworksBuildPhase;
			buildActionMask = 2147483647;
			files = (
			);
			runOnlyForDeploymentPostprocessing = 0;
		};
/* End PBXFrameworksBuildPhase section */

/* Begin PBXGroup section */
		201BC2F557A8A0983BA4619E /* Frameworks */ = {
			isa = PBXGroup;
			children = (
				D681F24F1C690A470036FC9F /* libsqlite3.tbd */,
				D681F24D1C690A3D0036FC9F /* libz.tbd */,
				D681F24B1C690A350036FC9F /* SystemConfiguration.framework */,
				D681F2491C690A2C0036FC9F /* StoreKit.framework */,
				D681F2471C690A250036FC9F /* Security.framework */,
				D681F2451C690A1E0036FC9F /* QuartzCore.framework */,
				D681F2431C690A180036FC9F /* CoreLocation.framework */,
				D681F2411C690A120036FC9F /* CoreGraphics.framework */,
				D681F23F1C690A0B0036FC9F /* CFNetwork.framework */,
				D681F23D1C6909FA0036FC9F /* AudioToolbox.framework */,
				24A178E681A95D1FE1399FEE /* Pods.framework */,
			);
			name = Frameworks;
			sourceTree = "<group>";
		};
		73719B2F62B1312AA0FA5D1A /* Pods */ = {
			isa = PBXGroup;
			children = (
				3B7FB19AB0CD51A14BB9CEBD /* Pods.debug.xcconfig */,
				9B62A048C8A4E66970EDA657 /* Pods.release.xcconfig */,
			);
			name = Pods;
			sourceTree = "<group>";
		};
		D613BA061C67AA510091DCA8 = {
			isa = PBXGroup;
			children = (
				D613BA111C67AA510091DCA8 /* Instagram Clone */,
				D613BA261C67AA510091DCA8 /* Instagram CloneTests */,
				D613BA101C67AA510091DCA8 /* Products */,
				73719B2F62B1312AA0FA5D1A /* Pods */,
				201BC2F557A8A0983BA4619E /* Frameworks */,
				D613BA321C67AAC60091DCA8 /* README.md */,
			);
			sourceTree = "<group>";
		};
		D613BA101C67AA510091DCA8 /* Products */ = {
			isa = PBXGroup;
			children = (
				D613BA0F1C67AA510091DCA8 /* Instagram Clone.app */,
				D613BA231C67AA510091DCA8 /* Instagram CloneTests.xctest */,
			);
			name = Products;
			sourceTree = "<group>";
		};
		D613BA111C67AA510091DCA8 /* Instagram Clone */ = {
			isa = PBXGroup;
			children = (
				D681F2551C690BD40036FC9F /* ViewControllers */,
				D613BA121C67AA510091DCA8 /* AppDelegate.swift */,
				D613BA161C67AA510091DCA8 /* Main.storyboard */,
				D613BA191C67AA510091DCA8 /* Assets.xcassets */,
				D613BA1B1C67AA510091DCA8 /* LaunchScreen.storyboard */,
				D613BA1E1C67AA510091DCA8 /* Info.plist */,
				D6C407ED1C6BB9D400056E2F /* Resources */,
			);
			path = "Instagram Clone";
			sourceTree = "<group>";
		};
		D613BA261C67AA510091DCA8 /* Instagram CloneTests */ = {
			isa = PBXGroup;
			children = (
				D613BA271C67AA510091DCA8 /* Instagram_CloneTests.swift */,
				D613BA291C67AA510091DCA8 /* Info.plist */,
			);
			path = "Instagram CloneTests";
			sourceTree = "<group>";
		};
		D681F2551C690BD40036FC9F /* ViewControllers */ = {
			isa = PBXGroup;
			children = (
				D681F2511C690BAE0036FC9F /* SignInViewController.swift */,
				D681F2531C690BC50036FC9F /* SignUpViewController.swift */,
				D6C407EB1C6BB21200056E2F /* ResetPasswordViewController.swift */,
			);
			name = ViewControllers;
			sourceTree = "<group>";
		};
		D6C407ED1C6BB9D400056E2F /* Resources */ = {
			isa = PBXGroup;
			children = (
				D6C407EE1C6BB9EF00056E2F /* Pacifico.ttf */,
			);
			name = Resources;
			sourceTree = "<group>";
		};
/* End PBXGroup section */

/* Begin PBXNativeTarget section */
		D613BA0E1C67AA510091DCA8 /* Instagram Clone */ = {
			isa = PBXNativeTarget;
			buildConfigurationList = D613BA2C1C67AA510091DCA8 /* Build configuration list for PBXNativeTarget "Instagram Clone" */;
			buildPhases = (
				57CEFD83C187D74EDC44B5E6 /* Check Pods Manifest.lock */,
				D613BA0B1C67AA510091DCA8 /* Sources */,
				D613BA0C1C67AA510091DCA8 /* Frameworks */,
				D613BA0D1C67AA510091DCA8 /* Resources */,
				4DB1935DCC224A3E7710D693 /* Embed Pods Frameworks */,
				87A70F984285FCD2E6F60A01 /* Copy Pods Resources */,
			);
			buildRules = (
			);
			dependencies = (
			);
			name = "Instagram Clone";
			productName = "Instagram Clone";
			productReference = D613BA0F1C67AA510091DCA8 /* Instagram Clone.app */;
			productType = "com.apple.product-type.application";
		};
		D613BA221C67AA510091DCA8 /* Instagram CloneTests */ = {
			isa = PBXNativeTarget;
			buildConfigurationList = D613BA2F1C67AA510091DCA8 /* Build configuration list for PBXNativeTarget "Instagram CloneTests" */;
			buildPhases = (
				D613BA1F1C67AA510091DCA8 /* Sources */,
				D613BA201C67AA510091DCA8 /* Frameworks */,
				D613BA211C67AA510091DCA8 /* Resources */,
			);
			buildRules = (
			);
			dependencies = (
				D613BA251C67AA510091DCA8 /* PBXTargetDependency */,
			);
			name = "Instagram CloneTests";
			productName = "Instagram CloneTests";
			productReference = D613BA231C67AA510091DCA8 /* Instagram CloneTests.xctest */;
			productType = "com.apple.product-type.bundle.unit-test";
		};
/* End PBXNativeTarget section */

/* Begin PBXProject section */
		D613BA071C67AA510091DCA8 /* Project object */ = {
			isa = PBXProject;
			attributes = {
				LastSwiftUpdateCheck = 0720;
				LastUpgradeCheck = 0720;
				ORGANIZATIONNAME = "Thomas Kioko";
				TargetAttributes = {
					D613BA0E1C67AA510091DCA8 = {
						CreatedOnToolsVersion = 7.2.1;
					};
					D613BA221C67AA510091DCA8 = {
						CreatedOnToolsVersion = 7.2.1;
						TestTargetID = D613BA0E1C67AA510091DCA8;
					};
				};
			};
			buildConfigurationList = D613BA0A1C67AA510091DCA8 /* Build configuration list for PBXProject "Instagram Clone" */;
			compatibilityVersion = "Xcode 3.2";
			developmentRegion = English;
			hasScannedForEncodings = 0;
			knownRegions = (
				en,
				Base,
			);
			mainGroup = D613BA061C67AA510091DCA8;
			productRefGroup = D613BA101C67AA510091DCA8 /* Products */;
			projectDirPath = "";
			projectRoot = "";
			targets = (
				D613BA0E1C67AA510091DCA8 /* Instagram Clone */,
				D613BA221C67AA510091DCA8 /* Instagram CloneTests */,
			);
		};
/* End PBXProject section */

/* Begin PBXResourcesBuildPhase section */
		D613BA0D1C67AA510091DCA8 /* Resources */ = {
			isa = PBXResourcesBuildPhase;
			buildActionMask = 2147483647;
			files = (
				D613BA1D1C67AA510091DCA8 /* LaunchScreen.storyboard in Resources */,
				D613BA1A1C67AA510091DCA8 /* Assets.xcassets in Resources */,
				D6C407EF1C6BB9EF00056E2F /* Pacifico.ttf in Resources */,
				D613BA181C67AA510091DCA8 /* Main.storyboard in Resources */,
			);
			runOnlyForDeploymentPostprocessing = 0;
		};
		D613BA211C67AA510091DCA8 /* Resources */ = {
			isa = PBXResourcesBuildPhase;
			buildActionMask = 2147483647;
			files = (
			);
			runOnlyForDeploymentPostprocessing = 0;
		};
/* End PBXResourcesBuildPhase section */

/* Begin PBXShellScriptBuildPhase section */
		4DB1935DCC224A3E7710D693 /* Embed Pods Frameworks */ = {
			isa = PBXShellScriptBuildPhase;
			buildActionMask = 2147483647;
			files = (
			);
			inputPaths = (
			);
			name = "Embed Pods Frameworks";
			outputPaths = (
			);
			runOnlyForDeploymentPostprocessing = 0;
			shellPath = /bin/sh;
			shellScript = "\"${SRCROOT}/Pods/Target Support Files/Pods/Pods-frameworks.sh\"\n";
			showEnvVarsInLog = 0;
		};
		57CEFD83C187D74EDC44B5E6 /* Check Pods Manifest.lock */ = {
			isa = PBXShellScriptBuildPhase;
			buildActionMask = 2147483647;
			files = (
			);
			inputPaths = (
			);
			name = "Check Pods Manifest.lock";
			outputPaths = (
			);
			runOnlyForDeploymentPostprocessing = 0;
			shellPath = /bin/sh;
			shellScript = "diff \"${PODS_ROOT}/../Podfile.lock\" \"${PODS_ROOT}/Manifest.lock\" > /dev/null\nif [[ $? != 0 ]] ; then\n    cat << EOM\nerror: The sandbox is not in sync with the Podfile.lock. Run 'pod install' or update your CocoaPods installation.\nEOM\n    exit 1\nfi\n";
			showEnvVarsInLog = 0;
		};
		87A70F984285FCD2E6F60A01 /* Copy Pods Resources */ = {
			isa = PBXShellScriptBuildPhase;
			buildActionMask = 2147483647;
			files = (
			);
			inputPaths = (
			);
			name = "Copy Pods Resources";
			outputPaths = (
			);
			runOnlyForDeploymentPostprocessing = 0;
			shellPath = /bin/sh;
			shellScript = "\"${SRCROOT}/Pods/Target Support Files/Pods/Pods-resources.sh\"\n";
			showEnvVarsInLog = 0;
		};
/* End PBXShellScriptBuildPhase section */

/* Begin PBXSourcesBuildPhase section */
		D613BA0B1C67AA510091DCA8 /* Sources */ = {
			isa = PBXSourcesBuildPhase;
			buildActionMask = 2147483647;
			files = (
				D613BA131C67AA510091DCA8 /* AppDelegate.swift in Sources */,
				D6C407EC1C6BB21200056E2F /* ResetPasswordViewController.swift in Sources */,
				D681F2541C690BC50036FC9F /* SignUpViewController.swift in Sources */,
				D681F2521C690BAE0036FC9F /* SignInViewController.swift in Sources */,
			);
			runOnlyForDeploymentPostprocessing = 0;
		};
		D613BA1F1C67AA510091DCA8 /* Sources */ = {
			isa = PBXSourcesBuildPhase;
			buildActionMask = 2147483647;
			files = (
				D613BA281C67AA510091DCA8 /* Instagram_CloneTests.swift in Sources */,
			);
			runOnlyForDeploymentPostprocessing = 0;
		};
/* End PBXSourcesBuildPhase section */

/* Begin PBXTargetDependency section */
		D613BA251C67AA510091DCA8 /* PBXTargetDependency */ = {
			isa = PBXTargetDependency;
			target = D613BA0E1C67AA510091DCA8 /* Instagram Clone */;
			targetProxy = D613BA241C67AA510091DCA8 /* PBXContainerItemProxy */;
		};
/* End PBXTargetDependency section */

/* Begin PBXVariantGroup section */
		D613BA161C67AA510091DCA8 /* Main.storyboard */ = {
			isa = PBXVariantGroup;
			children = (
				D613BA171C67AA510091DCA8 /* Base */,
			);
			name = Main.storyboard;
			sourceTree = "<group>";
		};
		D613BA1B1C67AA510091DCA8 /* LaunchScreen.storyboard */ = {
			isa = PBXVariantGroup;
			children = (
				D613BA1C1C67AA510091DCA8 /* Base */,
			);
			name = LaunchScreen.storyboard;
			sourceTree = "<group>";
		};
/* End PBXVariantGroup section */

/* Begin XCBuildConfiguration section */
		D613BA2A1C67AA510091DCA8 /* Debug */ = {
			isa = XCBuildConfiguration;
			buildSettings = {
				ALWAYS_SEARCH_USER_PATHS = NO;
				CLANG_CXX_LANGUAGE_STANDARD = "gnu++0x";
				CLANG_CXX_LIBRARY = "libc++";
				CLANG_ENABLE_MODULES = YES;
				CLANG_ENABLE_OBJC_ARC = YES;
				CLANG_WARN_BOOL_CONVERSION = YES;
				CLANG_WARN_CONSTANT_CONVERSION = YES;
				CLANG_WARN_DIRECT_OBJC_ISA_USAGE = YES_ERROR;
				CLANG_WARN_EMPTY_BODY = YES;
				CLANG_WARN_ENUM_CONVERSION = YES;
				CLANG_WARN_INT_CONVERSION = YES;
				CLANG_WARN_OBJC_ROOT_CLASS = YES_ERROR;
				CLANG_WARN_UNREACHABLE_CODE = YES;
				CLANG_WARN__DUPLICATE_METHOD_MATCH = YES;
				"CODE_SIGN_IDENTITY[sdk=iphoneos*]" = "iPhone Developer";
				COPY_PHASE_STRIP = NO;
				DEBUG_INFORMATION_FORMAT = dwarf;
				ENABLE_STRICT_OBJC_MSGSEND = YES;
				ENABLE_TESTABILITY = YES;
				GCC_C_LANGUAGE_STANDARD = gnu99;
				GCC_DYNAMIC_NO_PIC = NO;
				GCC_NO_COMMON_BLOCKS = YES;
				GCC_OPTIMIZATION_LEVEL = 0;
				GCC_PREPROCESSOR_DEFINITIONS = (
					"DEBUG=1",
					"$(inherited)",
				);
				GCC_WARN_64_TO_32_BIT_CONVERSION = YES;
				GCC_WARN_ABOUT_RETURN_TYPE = YES_ERROR;
				GCC_WARN_UNDECLARED_SELECTOR = YES;
				GCC_WARN_UNINITIALIZED_AUTOS = YES_AGGRESSIVE;
				GCC_WARN_UNUSED_FUNCTION = YES;
				GCC_WARN_UNUSED_VARIABLE = YES;
				IPHONEOS_DEPLOYMENT_TARGET = 9.2;
				MTL_ENABLE_DEBUG_INFO = YES;
				ONLY_ACTIVE_ARCH = YES;
				SDKROOT = iphoneos;
				SWIFT_OPTIMIZATION_LEVEL = "-Onone";
			};
			name = Debug;
		};
		D613BA2B1C67AA510091DCA8 /* Release */ = {
			isa = XCBuildConfiguration;
			buildSettings = {
				ALWAYS_SEARCH_USER_PATHS = NO;
				CLANG_CXX_LANGUAGE_STANDARD = "gnu++0x";
				CLANG_CXX_LIBRARY = "libc++";
				CLANG_ENABLE_MODULES = YES;
				CLANG_ENABLE_OBJC_ARC = YES;
				CLANG_WARN_BOOL_CONVERSION = YES;
				CLANG_WARN_CONSTANT_CONVERSION = YES;
				CLANG_WARN_DIRECT_OBJC_ISA_USAGE = YES_ERROR;
				CLANG_WARN_EMPTY_BODY = YES;
				CLANG_WARN_ENUM_CONVERSION = YES;
				CLANG_WARN_INT_CONVERSION = YES;
				CLANG_WARN_OBJC_ROOT_CLASS = YES_ERROR;
				CLANG_WARN_UNREACHABLE_CODE = YES;
				CLANG_WARN__DUPLICATE_METHOD_MATCH = YES;
				"CODE_SIGN_IDENTITY[sdk=iphoneos*]" = "iPhone Developer";
				COPY_PHASE_STRIP = NO;
				DEBUG_INFORMATION_FORMAT = "dwarf-with-dsym";
				ENABLE_NS_ASSERTIONS = NO;
				ENABLE_STRICT_OBJC_MSGSEND = YES;
				GCC_C_LANGUAGE_STANDARD = gnu99;
				GCC_NO_COMMON_BLOCKS = YES;
				GCC_WARN_64_TO_32_BIT_CONVERSION = YES;
				GCC_WARN_ABOUT_RETURN_TYPE = YES_ERROR;
				GCC_WARN_UNDECLARED_SELECTOR = YES;
				GCC_WARN_UNINITIALIZED_AUTOS = YES_AGGRESSIVE;
				GCC_WARN_UNUSED_FUNCTION = YES;
				GCC_WARN_UNUSED_VARIABLE = YES;
				IPHONEOS_DEPLOYMENT_TARGET = 9.2;
				MTL_ENABLE_DEBUG_INFO = NO;
				SDKROOT = iphoneos;
				VALIDATE_PRODUCT = YES;
			};
			name = Release;
		};
		D613BA2D1C67AA510091DCA8 /* Debug */ = {
			isa = XCBuildConfiguration;
			baseConfigurationReference = 3B7FB19AB0CD51A14BB9CEBD /* Pods.debug.xcconfig */;
			buildSettings = {
				ASSETCATALOG_COMPILER_APPICON_NAME = AppIcon;
				INFOPLIST_FILE = "Instagram Clone/Info.plist";
				LD_RUNPATH_SEARCH_PATHS = "$(inherited) @executable_path/Frameworks";
				PRODUCT_BUNDLE_IDENTIFIER = "com.thomaskioko.kioko.Instagram-Clone";
				PRODUCT_NAME = "$(TARGET_NAME)";
			};
			name = Debug;
		};
		D613BA2E1C67AA510091DCA8 /* Release */ = {
			isa = XCBuildConfiguration;
			baseConfigurationReference = 9B62A048C8A4E66970EDA657 /* Pods.release.xcconfig */;
			buildSettings = {
				ASSETCATALOG_COMPILER_APPICON_NAME = AppIcon;
				INFOPLIST_FILE = "Instagram Clone/Info.plist";
				LD_RUNPATH_SEARCH_PATHS = "$(inherited) @executable_path/Frameworks";
				PRODUCT_BUNDLE_IDENTIFIER = "com.thomaskioko.kioko.Instagram-Clone";
				PRODUCT_NAME = "$(TARGET_NAME)";
			};
			name = Release;
		};
		D613BA301C67AA510091DCA8 /* Debug */ = {
			isa = XCBuildConfiguration;
			buildSettings = {
				BUNDLE_LOADER = "$(TEST_HOST)";
				INFOPLIST_FILE = "Instagram CloneTests/Info.plist";
				LD_RUNPATH_SEARCH_PATHS = "$(inherited) @executable_path/Frameworks @loader_path/Frameworks";
				PRODUCT_BUNDLE_IDENTIFIER = "com.thomaskioko.kioko.Instagram-CloneTests";
				PRODUCT_NAME = "$(TARGET_NAME)";
				TEST_HOST = "$(BUILT_PRODUCTS_DIR)/Instagram Clone.app/Instagram Clone";
			};
			name = Debug;
		};
		D613BA311C67AA510091DCA8 /* Release */ = {
			isa = XCBuildConfiguration;
			buildSettings = {
				BUNDLE_LOADER = "$(TEST_HOST)";
				INFOPLIST_FILE = "Instagram CloneTests/Info.plist";
				LD_RUNPATH_SEARCH_PATHS = "$(inherited) @executable_path/Frameworks @loader_path/Frameworks";
				PRODUCT_BUNDLE_IDENTIFIER = "com.thomaskioko.kioko.Instagram-CloneTests";
				PRODUCT_NAME = "$(TARGET_NAME)";
				TEST_HOST = "$(BUILT_PRODUCTS_DIR)/Instagram Clone.app/Instagram Clone";
			};
			name = Release;
		};
/* End XCBuildConfiguration section */

/* Begin XCConfigurationList section */
		D613BA0A1C67AA510091DCA8 /* Build configuration list for PBXProject "Instagram Clone" */ = {
			isa = XCConfigurationList;
			buildConfigurations = (
				D613BA2A1C67AA510091DCA8 /* Debug */,
				D613BA2B1C67AA510091DCA8 /* Release */,
			);
			defaultConfigurationIsVisible = 0;
			defaultConfigurationName = Release;
		};
		D613BA2C1C67AA510091DCA8 /* Build configuration list for PBXNativeTarget "Instagram Clone" */ = {
			isa = XCConfigurationList;
			buildConfigurations = (
				D613BA2D1C67AA510091DCA8 /* Debug */,
				D613BA2E1C67AA510091DCA8 /* Release */,
			);
			defaultConfigurationIsVisible = 0;
			defaultConfigurationName = Release;
		};
		D613BA2F1C67AA510091DCA8 /* Build configuration list for PBXNativeTarget "Instagram CloneTests" */ = {
			isa = XCConfigurationList;
			buildConfigurations = (
				D613BA301C67AA510091DCA8 /* Debug */,
				D613BA311C67AA510091DCA8 /* Release */,
			);
			defaultConfigurationIsVisible = 0;
			defaultConfigurationName = Release;
		};
/* End XCConfigurationList section */
	};
	rootObject = D613BA071C67AA510091DCA8 /* Project object */;
}
